// !$*UTF8*$!
{
	archiveVersion = 1;
	classes = {
	};
	objectVersion = 50;
	objects = {

/* Begin PBXBuildFile section */
		CCEAF427233E007900DB661B /* AppDelegate.swift in Sources */ = {isa = PBXBuildFile; fileRef = CCEAF426233E007900DB661B /* AppDelegate.swift */; };
		CCEAF429233E007900DB661B /* SceneDelegate.swift in Sources */ = {isa = PBXBuildFile; fileRef = CCEAF428233E007900DB661B /* SceneDelegate.swift */; };
		CCEAF42B233E007900DB661B /* ContentView.swift in Sources */ = {isa = PBXBuildFile; fileRef = CCEAF42A233E007900DB661B /* ContentView.swift */; };
		CCEAF42D233E007B00DB661B /* Assets.xcassets in Resources */ = {isa = PBXBuildFile; fileRef = CCEAF42C233E007B00DB661B /* Assets.xcassets */; };
		CCEAF430233E007B00DB661B /* Preview Assets.xcassets in Resources */ = {isa = PBXBuildFile; fileRef = CCEAF42F233E007B00DB661B /* Preview Assets.xcassets */; };
		CCEAF433233E007B00DB661B /* LaunchScreen.storyboard in Resources */ = {isa = PBXBuildFile; fileRef = CCEAF431233E007B00DB661B /* LaunchScreen.storyboard */; };
		CCEAF43B233E00C300DB661B /* THViewController.swift in Sources */ = {isa = PBXBuildFile; fileRef = CCEAF43A233E00C300DB661B /* THViewController.swift */; };
/* End PBXBuildFile section */

/* Begin PBXFileReference section */
		CCEAF423233E007900DB661B /* HelloAVF.app */ = {isa = PBXFileReference; explicitFileType = wrapper.application; includeInIndex = 0; path = HelloAVF.app; sourceTree = BUILT_PRODUCTS_DIR; };
		CCEAF426233E007900DB661B /* AppDelegate.swift */ = {isa = PBXFileReference; lastKnownFileType = sourcecode.swift; path = AppDelegate.swift; sourceTree = "<group>"; };
		CCEAF428233E007900DB661B /* SceneDelegate.swift */ = {isa = PBXFileReference; lastKnownFileType = sourcecode.swift; path = SceneDelegate.swift; sourceTree = "<group>"; };
		CCEAF42A233E007900DB661B /* ContentView.swift */ = {isa = PBXFileReference; lastKnownFileType = sourcecode.swift; path = ContentView.swift; sourceTree = "<group>"; };
		CCEAF42C233E007B00DB661B /* Assets.xcassets */ = {isa = PBXFileReference; lastKnownFileType = folder.assetcatalog; path = Assets.xcassets; sourceTree = "<group>"; };
		CCEAF42F233E007B00DB661B /* Preview Assets.xcassets */ = {isa = PBXFileReference; lastKnownFileType = folder.assetcatalog; path = "Preview Assets.xcassets"; sourceTree = "<group>"; };
		CCEAF432233E007B00DB661B /* Base */ = {isa = PBXFileReference; lastKnownFileType = file.storyboard; name = Base; path = Base.lproj/LaunchScreen.storyboard; sourceTree = "<group>"; };
		CCEAF434233E007B00DB661B /* Info.plist */ = {isa = PBXFileReference; lastKnownFileType = text.plist.xml; path = Info.plist; sourceTree = "<group>"; };
		CCEAF43A233E00C300DB661B /* THViewController.swift */ = {isa = PBXFileReference; lastKnownFileType = sourcecode.swift; path = THViewController.swift; sourceTree = "<group>"; };
/* End PBXFileReference section */

/* Begin PBXFrameworksBuildPhase section */
		CCEAF420233E007900DB661B /* Frameworks */ = {
			isa = PBXFrameworksBuildPhase;
			buildActionMask = 2147483647;
			files = (
			);
			runOnlyForDeploymentPostprocessing = 0;
		};
/* End PBXFrameworksBuildPhase section */

/* Begin PBXGroup section */
		CCEAF41A233E007900DB661B = {
			isa = PBXGroup;
			children = (
				CCEAF425233E007900DB661B /* HelloAVF */,
				CCEAF424233E007900DB661B /* Products */,
			);
			sourceTree = "<group>";
		};
		CCEAF424233E007900DB661B /* Products */ = {
			isa = PBXGroup;
			children = (
				CCEAF423233E007900DB661B /* HelloAVF.app */,
			);
			name = Products;
			sourceTree = "<group>";
		};
		CCEAF425233E007900DB661B /* HelloAVF */ = {
			isa = PBXGroup;
			children = (
				CCEAF426233E007900DB661B /* AppDelegate.swift */,
				CCEAF428233E007900DB661B /* SceneDelegate.swift */,
				CCEAF42A233E007900DB661B /* ContentView.swift */,
				CCEAF42C233E007B00DB661B /* Assets.xcassets */,
				CCEAF431233E007B00DB661B /* LaunchScreen.storyboard */,
				CCEAF434233E007B00DB661B /* Info.plist */,
				CCEAF42E233E007B00DB661B /* Preview Content */,
				CCEAF43A233E00C300DB661B /* THViewController.swift */,
			);
			path = HelloAVF;
			sourceTree = "<group>";
		};
		CCEAF42E233E007B00DB661B /* Preview Content */ = {
			isa = PBXGroup;
			children = (
				CCEAF42F233E007B00DB661B /* Preview Assets.xcassets */,
			);
			path = "Preview Content";
			sourceTree = "<group>";
		};
/* End PBXGroup section */

/* Begin PBXNativeTarget section */
		CCEAF422233E007900DB661B /* HelloAVF */ = {
			isa = PBXNativeTarget;
			buildConfigurationList = CCEAF437233E007B00DB661B /* Build configuration list for PBXNativeTarget "HelloAVF" */;
			buildPhases = (
				CCEAF41F233E007900DB661B /* Sources */,
				CCEAF420233E007900DB661B /* Frameworks */,
				CCEAF421233E007900DB661B /* Resources */,
			);
			buildRules = (
			);
			dependencies = (
			);
			name = HelloAVF;
			productName = HelloAVF;
			productReference = CCEAF423233E007900DB661B /* HelloAVF.app */;
			productType = "com.apple.product-type.application";
		};
/* End PBXNativeTarget section */

/* Begin PBXProject section */
		CCEAF41B233E007900DB661B /* Project object */ = {
			isa = PBXProject;
			attributes = {
				LastSwiftUpdateCheck = 1100;
				LastUpgradeCheck = 1100;
				ORGANIZATIONNAME = kinemaster;
				TargetAttributes = {
					CCEAF422233E007900DB661B = {
						CreatedOnToolsVersion = 11.0;
					};
				};
			};
			buildConfigurationList = CCEAF41E233E007900DB661B /* Build configuration list for PBXProject "HelloAVF" */;
			compatibilityVersion = "Xcode 9.3";
			developmentRegion = en;
			hasScannedForEncodings = 0;
			knownRegions = (
				en,
				Base,
			);
			mainGroup = CCEAF41A233E007900DB661B;
			productRefGroup = CCEAF424233E007900DB661B /* Products */;
			projectDirPath = "";
			projectRoot = "";
			targets = (
				CCEAF422233E007900DB661B /* HelloAVF */,
			);
		};
/* End PBXProject section */

/* Begin PBXResourcesBuildPhase section */
		CCEAF421233E007900DB661B /* Resources */ = {
			isa = PBXResourcesBuildPhase;
			buildActionMask = 2147483647;
			files = (
				CCEAF433233E007B00DB661B /* LaunchScreen.storyboard in Resources */,
				CCEAF430233E007B00DB661B /* Preview Assets.xcassets in Resources */,
				CCEAF42D233E007B00DB661B /* Assets.xcassets in Resources */,
			);
			runOnlyForDeploymentPostprocessing = 0;
		};
/* End PBXResourcesBuildPhase section */

/* Begin PBXSourcesBuildPhase section */
		CCEAF41F233E007900DB661B /* Sources */ = {
			isa = PBXSourcesBuildPhase;
			buildActionMask = 2147483647;
			files = (
				CCEAF43B233E00C300DB661B /* THViewController.swift in Sources */,
				CCEAF427233E007900DB661B /* AppDelegate.swift in Sources */,
				CCEAF429233E007900DB661B /* SceneDelegate.swift in Sources */,
				CCEAF42B233E007900DB661B /* ContentView.swift in Sources */,
			);
			runOnlyForDeploymentPostprocessing = 0;
		};
/* End PBXSourcesBuildPhase section */

/* Begin PBXVariantGroup section */
		CCEAF431233E007B00DB661B /* LaunchScreen.storyboard */ = {
			isa = PBXVariantGroup;
			children = (
				CCEAF432233E007B00DB661B /* Base */,
			);
			name = LaunchScreen.storyboard;
			sourceTree = "<group>";
		};
/* End PBXVariantGroup section */

/* Begin XCBuildConfiguration section */
		CCEAF435233E007B00DB661B /* Debug */ = {
			isa = XCBuildConfiguration;
			buildSettings = {
				ALWAYS_SEARCH_USER_PATHS = NO;
				CLANG_ANALYZER_NONNULL = YES;
				CLANG_ANALYZER_NUMBER_OBJECT_CONVERSION = YES_AGGRESSIVE;
				CLANG_CXX_LANGUAGE_STANDARD = "gnu++14";
				CLANG_CXX_LIBRARY = "libc++";
				CLANG_ENABLE_MODULES = YES;
				CLANG_ENABLE_OBJC_ARC = YES;
				CLANG_ENABLE_OBJC_WEAK = YES;
				CLANG_WARN_BLOCK_CAPTURE_AUTORELEASING = YES;
				CLANG_WARN_BOOL_CONVERSION = YES;
				CLANG_WARN_COMMA = YES;
				CLANG_WARN_CONSTANT_CONVERSION = YES;
				CLANG_WARN_DEPRECATED_OBJC_IMPLEMENTATIONS = YES;
				CLANG_WARN_DIRECT_OBJC_ISA_USAGE = YES_ERROR;
				CLANG_WARN_DOCUMENTATION_COMMENTS = YES;
				CLANG_WARN_EMPTY_BODY = YES;
				CLANG_WARN_ENUM_CONVERSION = YES;
				CLANG_WARN_INFINITE_RECURSION = YES;
				CLANG_WARN_INT_CONVERSION = YES;
				CLANG_WARN_NON_LITERAL_NULL_CONVERSION = YES;
				CLANG_WARN_OBJC_IMPLICIT_RETAIN_SELF = YES;
				CLANG_WARN_OBJC_LITERAL_CONVERSION = YES;
				CLANG_WARN_OBJC_ROOT_CLASS = YES_ERROR;
				CLANG_WARN_RANGE_LOOP_ANALYSIS = YES;
				CLANG_WARN_STRICT_PROTOTYPES = YES;
				CLANG_WARN_SUSPICIOUS_MOVE = YES;
				CLANG_WARN_UNGUARDED_AVAILABILITY = YES_AGGRESSIVE;
				CLANG_WARN_UNREACHABLE_CODE = YES;
				CLANG_WARN__DUPLICATE_METHOD_MATCH = YES;
				COPY_PHASE_STRIP = NO;
				DEBUG_INFORMATION_FORMAT = dwarf;
				ENABLE_STRICT_OBJC_MSGSEND = YES;
				ENABLE_TESTABILITY = YES;
				GCC_C_LANGUAGE_STANDARD = gnu11;
				GCC_DYNAMIC_NO_PIC = NO;
				GCC_NO_COMMON_BLOCKS = YES;
				GCC_OPTIMIZATION_LEVEL = 0;
				GCC_PREPROCESSOR_DEFINITIONS = (
					"DEBUG=1",
					"$(inherited)",
				);
				GCC_WARN_64_TO_32_BIT_CONVERSION = YES;
				GCC_WARN_ABOUT_RETURN_TYPE = YES_ERROR;
				GCC_WARN_UNDECLARED_SELECTOR = YES;
				GCC_WARN_UNINITIALIZED_AUTOS = YES_AGGRESSIVE;
				GCC_WARN_UNUSED_FUNCTION = YES;
				GCC_WARN_UNUSED_VARIABLE = YES;
				IPHONEOS_DEPLOYMENT_TARGET = 13.0;
				MTL_ENABLE_DEBUG_INFO = INCLUDE_SOURCE;
				MTL_FAST_MATH = YES;
				ONLY_ACTIVE_ARCH = YES;
				SDKROOT = iphoneos;
				SWIFT_ACTIVE_COMPILATION_CONDITIONS = DEBUG;
				SWIFT_OPTIMIZATION_LEVEL = "-Onone";
			};
			name = Debug;
		};
		CCEAF436233E007B00DB661B /* Release */ = {
			isa = XCBuildConfiguration;
			buildSettings = {
				ALWAYS_SEARCH_USER_PATHS = NO;
				CLANG_ANALYZER_NONNULL = YES;
				CLANG_ANALYZER_NUMBER_OBJECT_CONVERSION = YES_AGGRESSIVE;
				CLANG_CXX_LANGUAGE_STANDARD = "gnu++14";
				CLANG_CXX_LIBRARY = "libc++";
				CLANG_ENABLE_MODULES = YES;
				CLANG_ENABLE_OBJC_ARC = YES;
				CLANG_ENABLE_OBJC_WEAK = YES;
				CLANG_WARN_BLOCK_CAPTURE_AUTORELEASING = YES;
				CLANG_WARN_BOOL_CONVERSION = YES;
				CLANG_WARN_COMMA = YES;
				CLANG_WARN_CONSTANT_CONVERSION = YES;
				CLANG_WARN_DEPRECATED_OBJC_IMPLEMENTATIONS = YES;
				CLANG_WARN_DIRECT_OBJC_ISA_USAGE = YES_ERROR;
				CLANG_WARN_DOCUMENTATION_COMMENTS = YES;
				CLANG_WARN_EMPTY_BODY = YES;
				CLANG_WARN_ENUM_CONVERSION = YES;
				CLANG_WARN_INFINITE_RECURSION = YES;
				CLANG_WARN_INT_CONVERSION = YES;
				CLANG_WARN_NON_LITERAL_NULL_CONVERSION = YES;
				CLANG_WARN_OBJC_IMPLICIT_RETAIN_SELF = YES;
				CLANG_WARN_OBJC_LITERAL_CONVERSION = YES;
				CLANG_WARN_OBJC_ROOT_CLASS = YES_ERROR;
				CLANG_WARN_RANGE_LOOP_ANALYSIS = YES;
				CLANG_WARN_STRICT_PROTOTYPES = YES;
				CLANG_WARN_SUSPICIOUS_MOVE = YES;
				CLANG_WARN_UNGUARDED_AVAILABILITY = YES_AGGRESSIVE;
				CLANG_WARN_UNREACHABLE_CODE = YES;
				CLANG_WARN__DUPLICATE_METHOD_MATCH = YES;
				COPY_PHASE_STRIP = NO;
				DEBUG_INFORMATION_FORMAT = "dwarf-with-dsym";
				ENABLE_NS_ASSERTIONS = NO;
				ENABLE_STRICT_OBJC_MSGSEND = YES;
				GCC_C_LANGUAGE_STANDARD = gnu11;
				GCC_NO_COMMON_BLOCKS = YES;
				GCC_WARN_64_TO_32_BIT_CONVERSION = YES;
				GCC_WARN_ABOUT_RETURN_TYPE = YES_ERROR;
				GCC_WARN_UNDECLARED_SELECTOR = YES;
				GCC_WARN_UNINITIALIZED_AUTOS = YES_AGGRESSIVE;
				GCC_WARN_UNUSED_FUNCTION = YES;
				GCC_WARN_UNUSED_VARIABLE = YES;
				IPHONEOS_DEPLOYMENT_TARGET = 13.0;
				MTL_ENABLE_DEBUG_INFO = NO;
				MTL_FAST_MATH = YES;
				SDKROOT = iphoneos;
				SWIFT_COMPILATION_MODE = wholemodule;
				SWIFT_OPTIMIZATION_LEVEL = "-O";
				VALIDATE_PRODUCT = YES;
			};
			name = Release;
		};
		CCEAF438233E007B00DB661B /* Debug */ = {
			isa = XCBuildConfiguration;
			buildSettings = {
				ASSETCATALOG_COMPILER_APPICON_NAME = AppIcon;
				CODE_SIGN_STYLE = Automatic;
				DEVELOPMENT_ASSET_PATHS = "\"HelloAVF/Preview Content\"";
				DEVELOPMENT_TEAM = C38QWY43V9;
				ENABLE_PREVIEWS = YES;
				INFOPLIST_FILE = HelloAVF/Info.plist;
				LD_RUNPATH_SEARCH_PATHS = (
					"$(inherited)",
					"@executable_path/Frameworks",
				);
				PRODUCT_BUNDLE_IDENTIFIER = com.kinemaster.HelloAVF;
				PRODUCT_NAME = "$(TARGET_NAME)";
				SWIFT_VERSION = 5.0;
				TARGETED_DEVICE_FAMILY = "1,2";
			};
			name = Debug;
		};
		CCEAF439233E007B00DB661B /* Release */ = {
			isa = XCBuildConfiguration;
			buildSettings = {
				ASSETCATALOG_COMPILER_APPICON_NAME = AppIcon;
				CODE_SIGN_STYLE = Automatic;
				DEVELOPMENT_ASSET_PATHS = "\"HelloAVF/Preview Content\"";
				DEVELOPMENT_TEAM = C38QWY43V9;
				ENABLE_PREVIEWS = YES;
				INFOPLIST_FILE = HelloAVF/Info.plist;
				LD_RUNPATH_SEARCH_PATHS = (
					"$(inherited)",
					"@executable_path/Frameworks",
				);
				PRODUCT_BUNDLE_IDENTIFIER = com.kinemaster.HelloAVF;
				PRODUCT_NAME = "$(TARGET_NAME)";
				SWIFT_VERSION = 5.0;
				TARGETED_DEVICE_FAMILY = "1,2";
			};
			name = Release;
		};
/* End XCBuildConfiguration section */

/* Begin XCConfigurationList section */
		CCEAF41E233E007900DB661B /* Build configuration list for PBXProject "HelloAVF" */ = {
			isa = XCConfigurationList;
			buildConfigurations = (
				CCEAF435233E007B00DB661B /* Debug */,
				CCEAF436233E007B00DB661B /* Release */,
			);
			defaultConfigurationIsVisible = 0;
			defaultConfigurationName = Release;
		};
		CCEAF437233E007B00DB661B /* Build configuration list for PBXNativeTarget "HelloAVF" */ = {
			isa = XCConfigurationList;
			buildConfigurations = (
				CCEAF438233E007B00DB661B /* Debug */,
				CCEAF439233E007B00DB661B /* Release */,
			);
			defaultConfigurationIsVisible = 0;
			defaultConfigurationName = Release;
		};
/* End XCConfigurationList section */
	};
	rootObject = CCEAF41B233E007900DB661B /* Project object */;
}
